// !$*UTF8*$!
{
	archiveVersion = 1;
	classes = {
	};
	objectVersion = 50;
	objects = {

/* Begin PBXBuildFile section */
		BF92C18A23EB7F92009839D4 /* AppDelegate.swift in Sources */ = {isa = PBXBuildFile; fileRef = BF92C18923EB7F92009839D4 /* AppDelegate.swift */; };
		BF92C18C23EB7F92009839D4 /* SceneDelegate.swift in Sources */ = {isa = PBXBuildFile; fileRef = BF92C18B23EB7F92009839D4 /* SceneDelegate.swift */; };
		BF92C18E23EB7F92009839D4 /* ViewController.swift in Sources */ = {isa = PBXBuildFile; fileRef = BF92C18D23EB7F92009839D4 /* ViewController.swift */; };
		BF92C19123EB7F92009839D4 /* Main.storyboard in Resources */ = {isa = PBXBuildFile; fileRef = BF92C18F23EB7F92009839D4 /* Main.storyboard */; };
		BF92C19323EB7FB8009839D4 /* Assets.xcassets in Resources */ = {isa = PBXBuildFile; fileRef = BF92C19223EB7FB8009839D4 /* Assets.xcassets */; };
		BF92C19623EB7FB8009839D4 /* LaunchScreen.storyboard in Resources */ = {isa = PBXBuildFile; fileRef = BF92C19423EB7FB8009839D4 /* LaunchScreen.storyboard */; };
		BF92C1A123EB7FB9009839D4 /* pokedexTests.swift in Sources */ = {isa = PBXBuildFile; fileRef = BF92C1A023EB7FB9009839D4 /* pokedexTests.swift */; };
		BF92C1AC23EB7FB9009839D4 /* pokedexUITests.swift in Sources */ = {isa = PBXBuildFile; fileRef = BF92C1AB23EB7FB9009839D4 /* pokedexUITests.swift */; };
		BF92C1BA23EB8CBD009839D4 /* Pokemon.swift in Sources */ = {isa = PBXBuildFile; fileRef = BF92C1B923EB8CBD009839D4 /* Pokemon.swift */; };
		BF92C1BC23EB957D009839D4 /* PokemonStateController.swift in Sources */ = {isa = PBXBuildFile; fileRef = BF92C1BB23EB957D009839D4 /* PokemonStateController.swift */; };
/* End PBXBuildFile section */

/* Begin PBXContainerItemProxy section */
		BF92C19D23EB7FB9009839D4 /* PBXContainerItemProxy */ = {
			isa = PBXContainerItemProxy;
			containerPortal = BF92C17E23EB7F91009839D4 /* Project object */;
			proxyType = 1;
			remoteGlobalIDString = BF92C18523EB7F92009839D4;
			remoteInfo = pokedex;
		};
		BF92C1A823EB7FB9009839D4 /* PBXContainerItemProxy */ = {
			isa = PBXContainerItemProxy;
			containerPortal = BF92C17E23EB7F91009839D4 /* Project object */;
			proxyType = 1;
			remoteGlobalIDString = BF92C18523EB7F92009839D4;
			remoteInfo = pokedex;
		};
/* End PBXContainerItemProxy section */

/* Begin PBXFileReference section */
		BF92C18623EB7F92009839D4 /* pokedex.app */ = {isa = PBXFileReference; explicitFileType = wrapper.application; includeInIndex = 0; path = pokedex.app; sourceTree = BUILT_PRODUCTS_DIR; };
		BF92C18923EB7F92009839D4 /* AppDelegate.swift */ = {isa = PBXFileReference; lastKnownFileType = sourcecode.swift; path = AppDelegate.swift; sourceTree = "<group>"; };
		BF92C18B23EB7F92009839D4 /* SceneDelegate.swift */ = {isa = PBXFileReference; lastKnownFileType = sourcecode.swift; path = SceneDelegate.swift; sourceTree = "<group>"; };
		BF92C18D23EB7F92009839D4 /* ViewController.swift */ = {isa = PBXFileReference; lastKnownFileType = sourcecode.swift; path = ViewController.swift; sourceTree = "<group>"; };
		BF92C19023EB7F92009839D4 /* Base */ = {isa = PBXFileReference; lastKnownFileType = file.storyboard; name = Base; path = Base.lproj/Main.storyboard; sourceTree = "<group>"; };
		BF92C19223EB7FB8009839D4 /* Assets.xcassets */ = {isa = PBXFileReference; lastKnownFileType = folder.assetcatalog; path = Assets.xcassets; sourceTree = "<group>"; };
		BF92C19523EB7FB8009839D4 /* Base */ = {isa = PBXFileReference; lastKnownFileType = file.storyboard; name = Base; path = Base.lproj/LaunchScreen.storyboard; sourceTree = "<group>"; };
		BF92C19723EB7FB8009839D4 /* Info.plist */ = {isa = PBXFileReference; lastKnownFileType = text.plist.xml; path = Info.plist; sourceTree = "<group>"; };
		BF92C19C23EB7FB9009839D4 /* pokedexTests.xctest */ = {isa = PBXFileReference; explicitFileType = wrapper.cfbundle; includeInIndex = 0; path = pokedexTests.xctest; sourceTree = BUILT_PRODUCTS_DIR; };
		BF92C1A023EB7FB9009839D4 /* pokedexTests.swift */ = {isa = PBXFileReference; lastKnownFileType = sourcecode.swift; path = pokedexTests.swift; sourceTree = "<group>"; };
		BF92C1A223EB7FB9009839D4 /* Info.plist */ = {isa = PBXFileReference; lastKnownFileType = text.plist.xml; path = Info.plist; sourceTree = "<group>"; };
		BF92C1A723EB7FB9009839D4 /* pokedexUITests.xctest */ = {isa = PBXFileReference; explicitFileType = wrapper.cfbundle; includeInIndex = 0; path = pokedexUITests.xctest; sourceTree = BUILT_PRODUCTS_DIR; };
		BF92C1AB23EB7FB9009839D4 /* pokedexUITests.swift */ = {isa = PBXFileReference; lastKnownFileType = sourcecode.swift; path = pokedexUITests.swift; sourceTree = "<group>"; };
		BF92C1AD23EB7FB9009839D4 /* Info.plist */ = {isa = PBXFileReference; lastKnownFileType = text.plist.xml; path = Info.plist; sourceTree = "<group>"; };
		BF92C1B923EB8CBD009839D4 /* Pokemon.swift */ = {isa = PBXFileReference; lastKnownFileType = sourcecode.swift; path = Pokemon.swift; sourceTree = "<group>"; };
		BF92C1BB23EB957D009839D4 /* PokemonStateController.swift */ = {isa = PBXFileReference; lastKnownFileType = sourcecode.swift; path = PokemonStateController.swift; sourceTree = "<group>"; };
/* End PBXFileReference section */

/* Begin PBXFrameworksBuildPhase section */
		BF92C18323EB7F92009839D4 /* Frameworks */ = {
			isa = PBXFrameworksBuildPhase;
			buildActionMask = 2147483647;
			files = (
			);
			runOnlyForDeploymentPostprocessing = 0;
		};
		BF92C19923EB7FB9009839D4 /* Frameworks */ = {
			isa = PBXFrameworksBuildPhase;
			buildActionMask = 2147483647;
			files = (
			);
			runOnlyForDeploymentPostprocessing = 0;
		};
		BF92C1A423EB7FB9009839D4 /* Frameworks */ = {
			isa = PBXFrameworksBuildPhase;
			buildActionMask = 2147483647;
			files = (
			);
			runOnlyForDeploymentPostprocessing = 0;
		};
/* End PBXFrameworksBuildPhase section */

/* Begin PBXGroup section */
		BF92C17D23EB7F91009839D4 = {
			isa = PBXGroup;
			children = (
				BF92C18823EB7F92009839D4 /* pokedex */,
				BF92C19F23EB7FB9009839D4 /* pokedexTests */,
				BF92C1AA23EB7FB9009839D4 /* pokedexUITests */,
				BF92C18723EB7F92009839D4 /* Products */,
			);
			sourceTree = "<group>";
		};
		BF92C18723EB7F92009839D4 /* Products */ = {
			isa = PBXGroup;
			children = (
				BF92C18623EB7F92009839D4 /* pokedex.app */,
				BF92C19C23EB7FB9009839D4 /* pokedexTests.xctest */,
				BF92C1A723EB7FB9009839D4 /* pokedexUITests.xctest */,
			);
			name = Products;
			sourceTree = "<group>";
		};
		BF92C18823EB7F92009839D4 /* pokedex */ = {
			isa = PBXGroup;
			children = (
				BF92C18923EB7F92009839D4 /* AppDelegate.swift */,
				BF92C18B23EB7F92009839D4 /* SceneDelegate.swift */,
				BF92C18D23EB7F92009839D4 /* ViewController.swift */,
				BF92C1B923EB8CBD009839D4 /* Pokemon.swift */,
				BF92C1BB23EB957D009839D4 /* PokemonStateController.swift */,
				BF92C18F23EB7F92009839D4 /* Main.storyboard */,
				BF92C19223EB7FB8009839D4 /* Assets.xcassets */,
				BF92C19423EB7FB8009839D4 /* LaunchScreen.storyboard */,
				BF92C19723EB7FB8009839D4 /* Info.plist */,
			);
			path = pokedex;
			sourceTree = "<group>";
		};
		BF92C19F23EB7FB9009839D4 /* pokedexTests */ = {
			isa = PBXGroup;
			children = (
				BF92C1A023EB7FB9009839D4 /* pokedexTests.swift */,
				BF92C1A223EB7FB9009839D4 /* Info.plist */,
			);
			path = pokedexTests;
			sourceTree = "<group>";
		};
		BF92C1AA23EB7FB9009839D4 /* pokedexUITests */ = {
			isa = PBXGroup;
			children = (
				BF92C1AB23EB7FB9009839D4 /* pokedexUITests.swift */,
				BF92C1AD23EB7FB9009839D4 /* Info.plist */,
			);
			path = pokedexUITests;
			sourceTree = "<group>";
		};
/* End PBXGroup section */

/* Begin PBXNativeTarget section */
		BF92C18523EB7F92009839D4 /* pokedex */ = {
			isa = PBXNativeTarget;
			buildConfigurationList = BF92C1B023EB7FB9009839D4 /* Build configuration list for PBXNativeTarget "pokedex" */;
			buildPhases = (
				BF92C18223EB7F92009839D4 /* Sources */,
				BF92C18323EB7F92009839D4 /* Frameworks */,
				BF92C18423EB7F92009839D4 /* Resources */,
			);
			buildRules = (
			);
			dependencies = (
			);
			name = pokedex;
			productName = pokedex;
			productReference = BF92C18623EB7F92009839D4 /* pokedex.app */;
			productType = "com.apple.product-type.application";
		};
		BF92C19B23EB7FB9009839D4 /* pokedexTests */ = {
			isa = PBXNativeTarget;
			buildConfigurationList = BF92C1B323EB7FB9009839D4 /* Build configuration list for PBXNativeTarget "pokedexTests" */;
			buildPhases = (
				BF92C19823EB7FB9009839D4 /* Sources */,
				BF92C19923EB7FB9009839D4 /* Frameworks */,
				BF92C19A23EB7FB9009839D4 /* Resources */,
			);
			buildRules = (
			);
			dependencies = (
				BF92C19E23EB7FB9009839D4 /* PBXTargetDependency */,
			);
			name = pokedexTests;
			productName = pokedexTests;
			productReference = BF92C19C23EB7FB9009839D4 /* pokedexTests.xctest */;
			productType = "com.apple.product-type.bundle.unit-test";
		};
		BF92C1A623EB7FB9009839D4 /* pokedexUITests */ = {
			isa = PBXNativeTarget;
			buildConfigurationList = BF92C1B623EB7FB9009839D4 /* Build configuration list for PBXNativeTarget "pokedexUITests" */;
			buildPhases = (
				BF92C1A323EB7FB9009839D4 /* Sources */,
				BF92C1A423EB7FB9009839D4 /* Frameworks */,
				BF92C1A523EB7FB9009839D4 /* Resources */,
			);
			buildRules = (
			);
			dependencies = (
				BF92C1A923EB7FB9009839D4 /* PBXTargetDependency */,
			);
			name = pokedexUITests;
			productName = pokedexUITests;
			productReference = BF92C1A723EB7FB9009839D4 /* pokedexUITests.xctest */;
			productType = "com.apple.product-type.bundle.ui-testing";
		};
/* End PBXNativeTarget section */

/* Begin PBXProject section */
		BF92C17E23EB7F91009839D4 /* Project object */ = {
			isa = PBXProject;
			attributes = {
				LastSwiftUpdateCheck = 1130;
				LastUpgradeCheck = 1130;
				ORGANIZATIONNAME = TurnerDevelopment;
				TargetAttributes = {
					BF92C18523EB7F92009839D4 = {
						CreatedOnToolsVersion = 11.3.1;
					};
					BF92C19B23EB7FB9009839D4 = {
						CreatedOnToolsVersion = 11.3.1;
						TestTargetID = BF92C18523EB7F92009839D4;
					};
					BF92C1A623EB7FB9009839D4 = {
						CreatedOnToolsVersion = 11.3.1;
						TestTargetID = BF92C18523EB7F92009839D4;
					};
				};
			};
			buildConfigurationList = BF92C18123EB7F92009839D4 /* Build configuration list for PBXProject "pokedex" */;
			compatibilityVersion = "Xcode 9.3";
			developmentRegion = en;
			hasScannedForEncodings = 0;
			knownRegions = (
				en,
				Base,
			);
			mainGroup = BF92C17D23EB7F91009839D4;
			productRefGroup = BF92C18723EB7F92009839D4 /* Products */;
			projectDirPath = "";
			projectRoot = "";
			targets = (
				BF92C18523EB7F92009839D4 /* pokedex */,
				BF92C19B23EB7FB9009839D4 /* pokedexTests */,
				BF92C1A623EB7FB9009839D4 /* pokedexUITests */,
			);
		};
/* End PBXProject section */

/* Begin PBXResourcesBuildPhase section */
		BF92C18423EB7F92009839D4 /* Resources */ = {
			isa = PBXResourcesBuildPhase;
			buildActionMask = 2147483647;
			files = (
				BF92C19623EB7FB8009839D4 /* LaunchScreen.storyboard in Resources */,
				BF92C19323EB7FB8009839D4 /* Assets.xcassets in Resources */,
				BF92C19123EB7F92009839D4 /* Main.storyboard in Resources */,
			);
			runOnlyForDeploymentPostprocessing = 0;
		};
		BF92C19A23EB7FB9009839D4 /* Resources */ = {
			isa = PBXResourcesBuildPhase;
			buildActionMask = 2147483647;
			files = (
			);
			runOnlyForDeploymentPostprocessing = 0;
		};
		BF92C1A523EB7FB9009839D4 /* Resources */ = {
			isa = PBXResourcesBuildPhase;
			buildActionMask = 2147483647;
			files = (
			);
			runOnlyForDeploymentPostprocessing = 0;
		};
/* End PBXResourcesBuildPhase section */

/* Begin PBXSourcesBuildPhase section */
		BF92C18223EB7F92009839D4 /* Sources */ = {
			isa = PBXSourcesBuildPhase;
			buildActionMask = 2147483647;
			files = (
				BF92C1BC23EB957D009839D4 /* PokemonStateController.swift in Sources */,
				BF92C18E23EB7F92009839D4 /* ViewController.swift in Sources */,
				BF92C1BA23EB8CBD009839D4 /* Pokemon.swift in Sources */,
				BF92C18A23EB7F92009839D4 /* AppDelegate.swift in Sources */,
				BF92C18C23EB7F92009839D4 /* SceneDelegate.swift in Sources */,
			);
			runOnlyForDeploymentPostprocessing = 0;
		};
		BF92C19823EB7FB9009839D4 /* Sources */ = {
			isa = PBXSourcesBuildPhase;
			buildActionMask = 2147483647;
			files = (
				BF92C1A123EB7FB9009839D4 /* pokedexTests.swift in Sources */,
			);
			runOnlyForDeploymentPostprocessing = 0;
		};
		BF92C1A323EB7FB9009839D4 /* Sources */ = {
			isa = PBXSourcesBuildPhase;
			buildActionMask = 2147483647;
			files = (
				BF92C1AC23EB7FB9009839D4 /* pokedexUITests.swift in Sources */,
			);
			runOnlyForDeploymentPostprocessing = 0;
		};
/* End PBXSourcesBuildPhase section */

/* Begin PBXTargetDependency section */
		BF92C19E23EB7FB9009839D4 /* PBXTargetDependency */ = {
			isa = PBXTargetDependency;
			target = BF92C18523EB7F92009839D4 /* pokedex */;
			targetProxy = BF92C19D23EB7FB9009839D4 /* PBXContainerItemProxy */;
		};
		BF92C1A923EB7FB9009839D4 /* PBXTargetDependency */ = {
			isa = PBXTargetDependency;
			target = BF92C18523EB7F92009839D4 /* pokedex */;
			targetProxy = BF92C1A823EB7FB9009839D4 /* PBXContainerItemProxy */;
		};
/* End PBXTargetDependency section */

/* Begin PBXVariantGroup section */
		BF92C18F23EB7F92009839D4 /* Main.storyboard */ = {
			isa = PBXVariantGroup;
			children = (
				BF92C19023EB7F92009839D4 /* Base */,
			);
			name = Main.storyboard;
			sourceTree = "<group>";
		};
		BF92C19423EB7FB8009839D4 /* LaunchScreen.storyboard */ = {
			isa = PBXVariantGroup;
			children = (
				BF92C19523EB7FB8009839D4 /* Base */,
			);
			name = LaunchScreen.storyboard;
			sourceTree = "<group>";
		};
/* End PBXVariantGroup section */

/* Begin XCBuildConfiguration section */
		BF92C1AE23EB7FB9009839D4 /* Debug */ = {
			isa = XCBuildConfiguration;
			buildSettings = {
				ALWAYS_SEARCH_USER_PATHS = NO;
				CLANG_ANALYZER_NONNULL = YES;
				CLANG_ANALYZER_NUMBER_OBJECT_CONVERSION = YES_AGGRESSIVE;
				CLANG_CXX_LANGUAGE_STANDARD = "gnu++14";
				CLANG_CXX_LIBRARY = "libc++";
				CLANG_ENABLE_MODULES = YES;
				CLANG_ENABLE_OBJC_ARC = YES;
				CLANG_ENABLE_OBJC_WEAK = YES;
				CLANG_WARN_BLOCK_CAPTURE_AUTORELEASING = YES;
				CLANG_WARN_BOOL_CONVERSION = YES;
				CLANG_WARN_COMMA = YES;
				CLANG_WARN_CONSTANT_CONVERSION = YES;
				CLANG_WARN_DEPRECATED_OBJC_IMPLEMENTATIONS = YES;
				CLANG_WARN_DIRECT_OBJC_ISA_USAGE = YES_ERROR;
				CLANG_WARN_DOCUMENTATION_COMMENTS = YES;
				CLANG_WARN_EMPTY_BODY = YES;
				CLANG_WARN_ENUM_CONVERSION = YES;
				CLANG_WARN_INFINITE_RECURSION = YES;
				CLANG_WARN_INT_CONVERSION = YES;
				CLANG_WARN_NON_LITERAL_NULL_CONVERSION = YES;
				CLANG_WARN_OBJC_IMPLICIT_RETAIN_SELF = YES;
				CLANG_WARN_OBJC_LITERAL_CONVERSION = YES;
				CLANG_WARN_OBJC_ROOT_CLASS = YES_ERROR;
				CLANG_WARN_RANGE_LOOP_ANALYSIS = YES;
				CLANG_WARN_STRICT_PROTOTYPES = YES;
				CLANG_WARN_SUSPICIOUS_MOVE = YES;
				CLANG_WARN_UNGUARDED_AVAILABILITY = YES_AGGRESSIVE;
				CLANG_WARN_UNREACHABLE_CODE = YES;
				CLANG_WARN__DUPLICATE_METHOD_MATCH = YES;
				COPY_PHASE_STRIP = NO;
				DEBUG_INFORMATION_FORMAT = dwarf;
				ENABLE_STRICT_OBJC_MSGSEND = YES;
				ENABLE_TESTABILITY = YES;
				GCC_C_LANGUAGE_STANDARD = gnu11;
				GCC_DYNAMIC_NO_PIC = NO;
				GCC_NO_COMMON_BLOCKS = YES;
				GCC_OPTIMIZATION_LEVEL = 0;
				GCC_PREPROCESSOR_DEFINITIONS = (
					"DEBUG=1",
					"$(inherited)",
				);
				GCC_WARN_64_TO_32_BIT_CONVERSION = YES;
				GCC_WARN_ABOUT_RETURN_TYPE = YES_ERROR;
				GCC_WARN_UNDECLARED_SELECTOR = YES;
				GCC_WARN_UNINITIALIZED_AUTOS = YES_AGGRESSIVE;
				GCC_WARN_UNUSED_FUNCTION = YES;
				GCC_WARN_UNUSED_VARIABLE = YES;
				IPHONEOS_DEPLOYMENT_TARGET = 13.2;
				MTL_ENABLE_DEBUG_INFO = INCLUDE_SOURCE;
				MTL_FAST_MATH = YES;
				ONLY_ACTIVE_ARCH = YES;
				SDKROOT = iphoneos;
				SWIFT_ACTIVE_COMPILATION_CONDITIONS = DEBUG;
				SWIFT_OPTIMIZATION_LEVEL = "-Onone";
			};
			name = Debug;
		};
		BF92C1AF23EB7FB9009839D4 /* Release */ = {
			isa = XCBuildConfiguration;
			buildSettings = {
				ALWAYS_SEARCH_USER_PATHS = NO;
				CLANG_ANALYZER_NONNULL = YES;
				CLANG_ANALYZER_NUMBER_OBJECT_CONVERSION = YES_AGGRESSIVE;
				CLANG_CXX_LANGUAGE_STANDARD = "gnu++14";
				CLANG_CXX_LIBRARY = "libc++";
				CLANG_ENABLE_MODULES = YES;
				CLANG_ENABLE_OBJC_ARC = YES;
				CLANG_ENABLE_OBJC_WEAK = YES;
				CLANG_WARN_BLOCK_CAPTURE_AUTORELEASING = YES;
				CLANG_WARN_BOOL_CONVERSION = YES;
				CLANG_WARN_COMMA = YES;
				CLANG_WARN_CONSTANT_CONVERSION = YES;
				CLANG_WARN_DEPRECATED_OBJC_IMPLEMENTATIONS = YES;
				CLANG_WARN_DIRECT_OBJC_ISA_USAGE = YES_ERROR;
				CLANG_WARN_DOCUMENTATION_COMMENTS = YES;
				CLANG_WARN_EMPTY_BODY = YES;
				CLANG_WARN_ENUM_CONVERSION = YES;
				CLANG_WARN_INFINITE_RECURSION = YES;
				CLANG_WARN_INT_CONVERSION = YES;
				CLANG_WARN_NON_LITERAL_NULL_CONVERSION = YES;
				CLANG_WARN_OBJC_IMPLICIT_RETAIN_SELF = YES;
				CLANG_WARN_OBJC_LITERAL_CONVERSION = YES;
				CLANG_WARN_OBJC_ROOT_CLASS = YES_ERROR;
				CLANG_WARN_RANGE_LOOP_ANALYSIS = YES;
				CLANG_WARN_STRICT_PROTOTYPES = YES;
				CLANG_WARN_SUSPICIOUS_MOVE = YES;
				CLANG_WARN_UNGUARDED_AVAILABILITY = YES_AGGRESSIVE;
				CLANG_WARN_UNREACHABLE_CODE = YES;
				CLANG_WARN__DUPLICATE_METHOD_MATCH = YES;
				COPY_PHASE_STRIP = NO;
				DEBUG_INFORMATION_FORMAT = "dwarf-with-dsym";
				ENABLE_NS_ASSERTIONS = NO;
				ENABLE_STRICT_OBJC_MSGSEND = YES;
				GCC_C_LANGUAGE_STANDARD = gnu11;
				GCC_NO_COMMON_BLOCKS = YES;
				GCC_WARN_64_TO_32_BIT_CONVERSION = YES;
				GCC_WARN_ABOUT_RETURN_TYPE = YES_ERROR;
				GCC_WARN_UNDECLARED_SELECTOR = YES;
				GCC_WARN_UNINITIALIZED_AUTOS = YES_AGGRESSIVE;
				GCC_WARN_UNUSED_FUNCTION = YES;
				GCC_WARN_UNUSED_VARIABLE = YES;
				IPHONEOS_DEPLOYMENT_TARGET = 13.2;
				MTL_ENABLE_DEBUG_INFO = NO;
				MTL_FAST_MATH = YES;
				SDKROOT = iphoneos;
				SWIFT_COMPILATION_MODE = wholemodule;
				SWIFT_OPTIMIZATION_LEVEL = "-O";
				VALIDATE_PRODUCT = YES;
			};
			name = Release;
		};
		BF92C1B123EB7FB9009839D4 /* Debug */ = {
			isa = XCBuildConfiguration;
			buildSettings = {
				ASSETCATALOG_COMPILER_APPICON_NAME = AppIcon;
				CODE_SIGN_STYLE = Automatic;
				DEVELOPMENT_TEAM = 8HWGTPK72S;
				INFOPLIST_FILE = pokedex/Info.plist;
				LD_RUNPATH_SEARCH_PATHS = (
					"$(inherited)",
					"@executable_path/Frameworks",
				);
				PRODUCT_BUNDLE_IDENTIFIER = com.TurnerDevelopment..pokedex;
				PRODUCT_NAME = "$(TARGET_NAME)";
				SWIFT_VERSION = 5.0;
				TARGETED_DEVICE_FAMILY = "1,2";
			};
			name = Debug;
		};
		BF92C1B223EB7FB9009839D4 /* Release */ = {
			isa = XCBuildConfiguration;
			buildSettings = {
				ASSETCATALOG_COMPILER_APPICON_NAME = AppIcon;
				CODE_SIGN_STYLE = Automatic;
				DEVELOPMENT_TEAM = 8HWGTPK72S;
				INFOPLIST_FILE = pokedex/Info.plist;
				LD_RUNPATH_SEARCH_PATHS = (
					"$(inherited)",
					"@executable_path/Frameworks",
				);
				PRODUCT_BUNDLE_IDENTIFIER = com.TurnerDevelopment..pokedex;
				PRODUCT_NAME = "$(TARGET_NAME)";
				SWIFT_VERSION = 5.0;
				TARGETED_DEVICE_FAMILY = "1,2";
			};
			name = Release;
		};
		BF92C1B423EB7FB9009839D4 /* Debug */ = {
			isa = XCBuildConfiguration;
			buildSettings = {
				ALWAYS_EMBED_SWIFT_STANDARD_LIBRARIES = YES;
				BUNDLE_LOADER = "$(TEST_HOST)";
				CODE_SIGN_STYLE = Automatic;
				DEVELOPMENT_TEAM = 8HWGTPK72S;
				INFOPLIST_FILE = pokedexTests/Info.plist;
				IPHONEOS_DEPLOYMENT_TARGET = 13.2;
				LD_RUNPATH_SEARCH_PATHS = (
					"$(inherited)",
					"@executable_path/Frameworks",
					"@loader_path/Frameworks",
				);
				PRODUCT_BUNDLE_IDENTIFIER = com.TurnerDevelopment..pokedexTests;
				PRODUCT_NAME = "$(TARGET_NAME)";
				SWIFT_VERSION = 5.0;
				TARGETED_DEVICE_FAMILY = "1,2";
				TEST_HOST = "$(BUILT_PRODUCTS_DIR)/pokedex.app/pokedex";
			};
			name = Debug;
		};
		BF92C1B523EB7FB9009839D4 /* Release */ = {
			isa = XCBuildConfiguration;
			buildSettings = {
				ALWAYS_EMBED_SWIFT_STANDARD_LIBRARIES = YES;
				BUNDLE_LOADER = "$(TEST_HOST)";
				CODE_SIGN_STYLE = Automatic;
				DEVELOPMENT_TEAM = 8HWGTPK72S;
				INFOPLIST_FILE = pokedexTests/Info.plist;
				IPHONEOS_DEPLOYMENT_TARGET = 13.2;
				LD_RUNPATH_SEARCH_PATHS = (
					"$(inherited)",
					"@executable_path/Frameworks",
					"@loader_path/Frameworks",
				);
				PRODUCT_BUNDLE_IDENTIFIER = com.TurnerDevelopment..pokedexTests;
				PRODUCT_NAME = "$(TARGET_NAME)";
				SWIFT_VERSION = 5.0;
				TARGETED_DEVICE_FAMILY = "1,2";
				TEST_HOST = "$(BUILT_PRODUCTS_DIR)/pokedex.app/pokedex";
			};
			name = Release;
		};
		BF92C1B723EB7FB9009839D4 /* Debug */ = {
			isa = XCBuildConfiguration;
			buildSettings = {
				ALWAYS_EMBED_SWIFT_STANDARD_LIBRARIES = YES;
				CODE_SIGN_STYLE = Automatic;
				DEVELOPMENT_TEAM = 8HWGTPK72S;
				INFOPLIST_FILE = pokedexUITests/Info.plist;
				LD_RUNPATH_SEARCH_PATHS = (
					"$(inherited)",
					"@executable_path/Frameworks",
					"@loader_path/Frameworks",
				);
				PRODUCT_BUNDLE_IDENTIFIER = com.TurnerDevelopment..pokedexUITests;
				PRODUCT_NAME = "$(TARGET_NAME)";
				SWIFT_VERSION = 5.0;
				TARGETED_DEVICE_FAMILY = "1,2";
				TEST_TARGET_NAME = pokedex;
			};
			name = Debug;
		};
		BF92C1B823EB7FB9009839D4 /* Release */ = {
			isa = XCBuildConfiguration;
			buildSettings = {
				ALWAYS_EMBED_SWIFT_STANDARD_LIBRARIES = YES;
				CODE_SIGN_STYLE = Automatic;
				DEVELOPMENT_TEAM = 8HWGTPK72S;
				INFOPLIST_FILE = pokedexUITests/Info.plist;
				LD_RUNPATH_SEARCH_PATHS = (
					"$(inherited)",
					"@executable_path/Frameworks",
					"@loader_path/Frameworks",
				);
				PRODUCT_BUNDLE_IDENTIFIER = com.TurnerDevelopment..pokedexUITests;
				PRODUCT_NAME = "$(TARGET_NAME)";
				SWIFT_VERSION = 5.0;
				TARGETED_DEVICE_FAMILY = "1,2";
				TEST_TARGET_NAME = pokedex;
			};
			name = Release;
		};
/* End XCBuildConfiguration section */

/* Begin XCConfigurationList section */
		BF92C18123EB7F92009839D4 /* Build configuration list for PBXProject "pokedex" */ = {
			isa = XCConfigurationList;
			buildConfigurations = (
				BF92C1AE23EB7FB9009839D4 /* Debug */,
				BF92C1AF23EB7FB9009839D4 /* Release */,
			);
			defaultConfigurationIsVisible = 0;
			defaultConfigurationName = Release;
		};
		BF92C1B023EB7FB9009839D4 /* Build configuration list for PBXNativeTarget "pokedex" */ = {
			isa = XCConfigurationList;
			buildConfigurations = (
				BF92C1B123EB7FB9009839D4 /* Debug */,
				BF92C1B223EB7FB9009839D4 /* Release */,
			);
			defaultConfigurationIsVisible = 0;
			defaultConfigurationName = Release;
		};
		BF92C1B323EB7FB9009839D4 /* Build configuration list for PBXNativeTarget "pokedexTests" */ = {
			isa = XCConfigurationList;
			buildConfigurations = (
				BF92C1B423EB7FB9009839D4 /* Debug */,
				BF92C1B523EB7FB9009839D4 /* Release */,
			);
			defaultConfigurationIsVisible = 0;
			defaultConfigurationName = Release;
		};
		BF92C1B623EB7FB9009839D4 /* Build configuration list for PBXNativeTarget "pokedexUITests" */ = {
			isa = XCConfigurationList;
			buildConfigurations = (
				BF92C1B723EB7FB9009839D4 /* Debug */,
				BF92C1B823EB7FB9009839D4 /* Release */,
			);
			defaultConfigurationIsVisible = 0;
			defaultConfigurationName = Release;
		};
/* End XCConfigurationList section */
	};
	rootObject = BF92C17E23EB7F91009839D4 /* Project object */;
}
